
Microsoft Visual Studio Solution File, Format Version 12.00
# Visual Studio 2012
Project("{8BC9CEB8-8B4A-11D0-8D11-00A0C91BC942}") = "socket_library", "socket_library\socket_library.vcxproj", "{DCE35987-BBAD-4896-B134-2F7E68DF3CDB}"
EndProject
Project("{2150E333-8FDC-42A3-9474-1A3956D46DE8}") = "sample", "sample", "{C7450DEE-ECFC-4479-85FA-E3DACFB0E29F}"
EndProject
Project("{8BC9CEB8-8B4A-11D0-8D11-00A0C91BC942}") = "my_client", "my_client\my_client.vcxproj", "{D70A5121-8496-44F8-AAB0-EA285BF0E527}"
EndProject
Project("{8BC9CEB8-8B4A-11D0-8D11-00A0C91BC942}") = "my_server", "my_server\my_server.vcxproj", "{0D2E2AC6-9E46-4C76-B06E-D450492E15D9}"
EndProject
Global
	GlobalSection(SolutionConfigurationPlatforms) = preSolution
		Debug DLL|Win32 = Debug DLL|Win32
		Debug|Win32 = Debug|Win32
		Release DLL|Win32 = Release DLL|Win32
		Release|Win32 = Release|Win32
	EndGlobalSection
	GlobalSection(ProjectConfigurationPlatforms) = postSolution
		{DCE35987-BBAD-4896-B134-2F7E68DF3CDB}.Debug DLL|Win32.ActiveCfg = Debug DLL|Win32
		{DCE35987-BBAD-4896-B134-2F7E68DF3CDB}.Debug DLL|Win32.Build.0 = Debug DLL|Win32
		{DCE35987-BBAD-4896-B134-2F7E68DF3CDB}.Debug|Win32.ActiveCfg = Debug|Win32
		{DCE35987-BBAD-4896-B134-2F7E68DF3CDB}.Debug|Win32.Build.0 = Debug|Win32
		{DCE35987-BBAD-4896-B134-2F7E68DF3CDB}.Release DLL|Win32.ActiveCfg = Release DLL|Win32
		{DCE35987-BBAD-4896-B134-2F7E68DF3CDB}.Release DLL|Win32.Build.0 = Release DLL|Win32
		{DCE35987-BBAD-4896-B134-2F7E68DF3CDB}.Release|Win32.ActiveCfg = Release|Win32
		{DCE35987-BBAD-4896-B134-2F7E68DF3CDB}.Release|Win32.Build.0 = Release|Win32
		{D70A5121-8496-44F8-AAB0-EA285BF0E527}.Debug DLL|Win32.ActiveCfg = Debug DLL|Win32
		{D70A5121-8496-44F8-AAB0-EA285BF0E527}.Debug DLL|Win32.Build.0 = Debug DLL|Win32
		{D70A5121-8496-44F8-AAB0-EA285BF0E527}.Debug|Win32.ActiveCfg = Debug|Win32
		{D70A5121-8496-44F8-AAB0-EA285BF0E527}.Debug|Win32.Build.0 = Debug|Win32
		{D70A5121-8496-44F8-AAB0-EA285BF0E527}.Release DLL|Win32.ActiveCfg = Release DLL|Win32
		{D70A5121-8496-44F8-AAB0-EA285BF0E527}.Release DLL|Win32.Build.0 = Release DLL|Win32
		{D70A5121-8496-44F8-AAB0-EA285BF0E527}.Release|Win32.ActiveCfg = Release|Win32
		{D70A5121-8496-44F8-AAB0-EA285BF0E527}.Release|Win32.Build.0 = Release|Win32
		{0D2E2AC6-9E46-4C76-B06E-D450492E15D9}.Debug DLL|Win32.ActiveCfg = Debug DLL|Win32
		{0D2E2AC6-9E46-4C76-B06E-D450492E15D9}.Debug DLL|Win32.Build.0 = Debug DLL|Win32
		{0D2E2AC6-9E46-4C76-B06E-D450492E15D9}.Debug|Win32.ActiveCfg = Debug|Win32
		{0D2E2AC6-9E46-4C76-B06E-D450492E15D9}.Debug|Win32.Build.0 = Debug|Win32
		{0D2E2AC6-9E46-4C76-B06E-D450492E15D9}.Release DLL|Win32.ActiveCfg = Release DLL|Win32
		{0D2E2AC6-9E46-4C76-B06E-D450492E15D9}.Release DLL|Win32.Build.0 = Release DLL|Win32
		{0D2E2AC6-9E46-4C76-B06E-D450492E15D9}.Release|Win32.ActiveCfg = Release|Win32
		{0D2E2AC6-9E46-4C76-B06E-D450492E15D9}.Release|Win32.Build.0 = Release|Win32
	EndGlobalSection
	GlobalSection(SolutionProperties) = preSolution
		HideSolutionNode = FALSE
	EndGlobalSection
	GlobalSection(NestedProjects) = preSolution
		{D70A5121-8496-44F8-AAB0-EA285BF0E527} = {C7450DEE-ECFC-4479-85FA-E3DACFB0E29F}
		{0D2E2AC6-9E46-4C76-B06E-D450492E15D9} = {C7450DEE-ECFC-4479-85FA-E3DACFB0E29F}
	EndGlobalSection
EndGlobal
